# This file is autogenerated, do not edit; changes may be undone by the next 'dep ensure'.


[[projects]]
  name = "golang.org/x/text"
  packages = ["encoding","encoding/internal","encoding/internal/identifier","encoding/unicode","internal/gen","internal/utf8internal","runes","transform","unicode/cldr"]
  revision = "f21a4dfb5e38f5895301dc265a8def02365cc3d0"
  version = "v0.3.0"

[solve-meta]
  analyzer-name = "dep"
  analyzer-version = 1
  inputs-digest = "6935d2a9cb048be7bf22779fe601fff858cf780632bd96a9df50cd58bcfcdbf5"
  solver-name = "gps-cdcl"
  solver-version = 1
